
Microsoft Visual Studio Solution File, Format Version 12.00
# Visual Studio Version 17
VisualStudioVersion = 17.8.34309.116
MinimumVisualStudioVersion = 10.0.40219.1
Project("{FAE04EC0-301F-11D3-BF4B-00C04F79EFBC}") = "Disciplines", "Disciplines\Disciplines.csproj", "{AC2E7950-2E76-4316-B6EA-399FA07763B4}"
EndProject
Project("{FAE04EC0-301F-11D3-BF4B-00C04F79EFBC}") = "FormsDisciplines", "FormsDisciplines\FormsDisciplines.csproj", "{72D6AD0D-EBAC-46BB-8E0E-B3874564C1F7}"
EndProject
Global
	GlobalSection(SolutionConfigurationPlatforms) = preSolution
		Debug|Any CPU = Debug|Any CPU
		Release|Any CPU = Release|Any CPU
	EndGlobalSection
	GlobalSection(ProjectConfigurationPlatforms) = postSolution
		{AC2E7950-2E76-4316-B6EA-399FA07763B4}.Debug|Any CPU.ActiveCfg = Debug|Any CPU
		{AC2E7950-2E76-4316-B6EA-399FA07763B4}.Debug|Any CPU.Build.0 = Debug|Any CPU
		{AC2E7950-2E76-4316-B6EA-399FA07763B4}.Release|Any CPU.ActiveCfg = Release|Any CPU
		{AC2E7950-2E76-4316-B6EA-399FA07763B4}.Release|Any CPU.Build.0 = Release|Any CPU
		{72D6AD0D-EBAC-46BB-8E0E-B3874564C1F7}.Debug|Any CPU.ActiveCfg = Debug|Any CPU
		{72D6AD0D-EBAC-46BB-8E0E-B3874564C1F7}.Debug|Any CPU.Build.0 = Debug|Any CPU
		{72D6AD0D-EBAC-46BB-8E0E-B3874564C1F7}.Release|Any CPU.ActiveCfg = Release|Any CPU
		{72D6AD0D-EBAC-46BB-8E0E-B3874564C1F7}.Release|Any CPU.Build.0 = Release|Any CPU
	EndGlobalSection
	GlobalSection(SolutionProperties) = preSolution
		HideSolutionNode = FALSE
	EndGlobalSection
	GlobalSection(ExtensibilityGlobals) = postSolution
		SolutionGuid = {00832DD9-F21B-477E-B9D5-F88A0A6E65A0}
	EndGlobalSection
EndGlobal
